{
  "name": "cosentyx-ar",
  "version": "1.0.0",
  "lockfileVersion": 1,
  "requires": true,
  "dependencies": {
    "unmute-ios-audio": {
      "version": "3.3.0",
      "resolved": "https://registry.npmjs.org/unmute-ios-audio/-/unmute-ios-audio-3.3.0.tgz",
      "integrity": "sha512-MmoCOrsS2gn3wLT2tT+hF56Q4V4kksIKn2LHrwAtX6umzQwQHDWSh1slMzH+0WuxTZ62s3w8/wsfIII1FQ7ACg=="
    }
  }
}
